
Microsoft Visual Studio Solution File, Format Version 12.00
# Visual Studio 2012
Project("{B1E792BE-AA5F-4E3C-8C82-674BF9C0715B}") = "TwinCAT Project", "TwinCAT Project\TwinCAT Project.tsproj", "{B03EC6E0-66A3-4C0B-B682-3C6954E58D96}"
EndProject
Global
	GlobalSection(SolutionConfigurationPlatforms) = preSolution
		Debug|TwinCAT CE7 (ARMV7) = Debug|TwinCAT CE7 (ARMV7)
		Debug|TwinCAT RT (x64) = Debug|TwinCAT RT (x64)
		Debug|TwinCAT RT (x86) = Debug|TwinCAT RT (x86)
		Release|TwinCAT CE7 (ARMV7) = Release|TwinCAT CE7 (ARMV7)
		Release|TwinCAT RT (x64) = Release|TwinCAT RT (x64)
		Release|TwinCAT RT (x86) = Release|TwinCAT RT (x86)
	EndGlobalSection
	GlobalSection(ProjectConfigurationPlatforms) = postSolution
		{B03EC6E0-66A3-4C0B-B682-3C6954E58D96}.Debug|TwinCAT CE7 (ARMV7).ActiveCfg = Debug|TwinCAT CE7 (ARMV7)
		{B03EC6E0-66A3-4C0B-B682-3C6954E58D96}.Debug|TwinCAT CE7 (ARMV7).Build.0 = Debug|TwinCAT CE7 (ARMV7)
		{B03EC6E0-66A3-4C0B-B682-3C6954E58D96}.Debug|TwinCAT RT (x64).ActiveCfg = Debug|TwinCAT RT (x64)
		{B03EC6E0-66A3-4C0B-B682-3C6954E58D96}.Debug|TwinCAT RT (x64).Build.0 = Debug|TwinCAT RT (x64)
		{B03EC6E0-66A3-4C0B-B682-3C6954E58D96}.Debug|TwinCAT RT (x86).ActiveCfg = Debug|TwinCAT RT (x86)
		{B03EC6E0-66A3-4C0B-B682-3C6954E58D96}.Debug|TwinCAT RT (x86).Build.0 = Debug|TwinCAT RT (x86)
		{B03EC6E0-66A3-4C0B-B682-3C6954E58D96}.Release|TwinCAT CE7 (ARMV7).ActiveCfg = Release|TwinCAT CE7 (ARMV7)
		{B03EC6E0-66A3-4C0B-B682-3C6954E58D96}.Release|TwinCAT CE7 (ARMV7).Build.0 = Release|TwinCAT CE7 (ARMV7)
		{B03EC6E0-66A3-4C0B-B682-3C6954E58D96}.Release|TwinCAT RT (x64).ActiveCfg = Release|TwinCAT RT (x64)
		{B03EC6E0-66A3-4C0B-B682-3C6954E58D96}.Release|TwinCAT RT (x64).Build.0 = Release|TwinCAT RT (x64)
		{B03EC6E0-66A3-4C0B-B682-3C6954E58D96}.Release|TwinCAT RT (x86).ActiveCfg = Release|TwinCAT RT (x86)
		{B03EC6E0-66A3-4C0B-B682-3C6954E58D96}.Release|TwinCAT RT (x86).Build.0 = Release|TwinCAT RT (x86)
		{BFDF2137-369A-4726-B688-88D607E6A547}.Debug|TwinCAT CE7 (ARMV7).ActiveCfg = Debug|TwinCAT CE7 (ARMV7)
		{BFDF2137-369A-4726-B688-88D607E6A547}.Debug|TwinCAT CE7 (ARMV7).Build.0 = Debug|TwinCAT CE7 (ARMV7)
		{BFDF2137-369A-4726-B688-88D607E6A547}.Debug|TwinCAT RT (x64).ActiveCfg = Debug|TwinCAT RT (x64)
		{BFDF2137-369A-4726-B688-88D607E6A547}.Debug|TwinCAT RT (x64).Build.0 = Debug|TwinCAT RT (x64)
		{BFDF2137-369A-4726-B688-88D607E6A547}.Debug|TwinCAT RT (x86).ActiveCfg = Debug|TwinCAT RT (x86)
		{BFDF2137-369A-4726-B688-88D607E6A547}.Debug|TwinCAT RT (x86).Build.0 = Debug|TwinCAT RT (x86)
		{BFDF2137-369A-4726-B688-88D607E6A547}.Release|TwinCAT CE7 (ARMV7).ActiveCfg = Release|TwinCAT CE7 (ARMV7)
		{BFDF2137-369A-4726-B688-88D607E6A547}.Release|TwinCAT CE7 (ARMV7).Build.0 = Release|TwinCAT CE7 (ARMV7)
		{BFDF2137-369A-4726-B688-88D607E6A547}.Release|TwinCAT RT (x64).ActiveCfg = Release|TwinCAT RT (x64)
		{BFDF2137-369A-4726-B688-88D607E6A547}.Release|TwinCAT RT (x64).Build.0 = Release|TwinCAT RT (x64)
		{BFDF2137-369A-4726-B688-88D607E6A547}.Release|TwinCAT RT (x86).ActiveCfg = Release|TwinCAT RT (x86)
		{BFDF2137-369A-4726-B688-88D607E6A547}.Release|TwinCAT RT (x86).Build.0 = Release|TwinCAT RT (x86)
	EndGlobalSection
	GlobalSection(SolutionProperties) = preSolution
		HideSolutionNode = FALSE
	EndGlobalSection
EndGlobal
